
Microsoft Visual Studio Solution File, Format Version 12.00
# Visual Studio Version 17
VisualStudioVersion = 17.2.32630.192
MinimumVisualStudioVersion = 10.0.40219.1
Project("{FAE04EC0-301F-11D3-BF4B-00C04F79EFBC}") = "MLTagimage", "MLTagimage\MLTagimage.csproj", "{A66B1183-F8A5-45A9-8960-FF10C251C8B6}"
EndProject
Global
	GlobalSection(SolutionConfigurationPlatforms) = preSolution
		Debug|Any CPU = Debug|Any CPU
		Release|Any CPU = Release|Any CPU
	EndGlobalSection
	GlobalSection(ProjectConfigurationPlatforms) = postSolution
		{A66B1183-F8A5-45A9-8960-FF10C251C8B6}.Debug|Any CPU.ActiveCfg = Debug|Any CPU
		{A66B1183-F8A5-45A9-8960-FF10C251C8B6}.Debug|Any CPU.Build.0 = Debug|Any CPU
		{A66B1183-F8A5-45A9-8960-FF10C251C8B6}.Release|Any CPU.ActiveCfg = Release|Any CPU
		{A66B1183-F8A5-45A9-8960-FF10C251C8B6}.Release|Any CPU.Build.0 = Release|Any CPU
	EndGlobalSection
	GlobalSection(SolutionProperties) = preSolution
		HideSolutionNode = FALSE
	EndGlobalSection
	GlobalSection(ExtensibilityGlobals) = postSolution
		SolutionGuid = {7E79D4A1-A98C-4DFB-B7DA-427EE15A3944}
	EndGlobalSection
EndGlobal
